{
  "name": "userland-migrations",
  "version": "1.0.0",
  "lockfileVersion": 3,
  "requires": true,
  "packages": {
    "": {
      "name": "userland-migrations",
      "version": "1.0.0",
      "license": "MIT",
      "workspaces": [
        "./recipes/*",
        "utils",
        "!./recipes/correct-ts-specifiers"
      ],
      "devDependencies": {
        "@biomejs/biome": "2.4.13",
        "@types/node": "^25.6.0",
        "@typescript/native-preview": "^7.0.0-dev.20260426.1"
      }
    },
    "node_modules/@ast-grep/lang-bash": {
      "version": "0.0.8",
      "resolved": "https://registry.npmjs.org/@ast-grep/lang-bash/-/lang-bash-0.0.8.tgz",
      "integrity": "sha512-qFykSsOdBv35I1rtt2PstJ4luzV9J1YCiFZBgySI8UPOh+TFnmpdlq9CrryNOj0Q7f6zZhc1OIau+/mUSs6HAg==",
      "dev": true,
      "hasInstallScript": true,
      "license": "ISC",
      "dependencies": {
        "@ast-grep/setup-lang": "0.0.6"
      },
      "peerDependencies": {
        "tree-sitter-cli": "0.25.8"
      },
      "peerDependenciesMeta": {
        "tree-sitter-cli": {
          "optional": true
        }
      }
    },
    "node_modules/@ast-grep/lang-json": {
      "version": "0.0.7",
      "resolved": "https://registry.npmjs.org/@ast-grep/lang-json/-/lang-json-0.0.7.tgz",
      "integrity": "sha512-8wiH+B4Rih8/vHsUB4DOTXnQHMxfWhaBygUEZ036kfr1T9WFvx5E7QYd2WX2Wm1nFCzUmWbIfsoE+cR2G9SJlA==",
      "dev": true,
      "hasInstallScript": true,
      "license": "ISC",
      "dependencies": {
        "@ast-grep/setup-lang": "0.0.6"
      },
      "peerDependencies": {
        "tree-sitter-cli": "0.25.8"
      },
      "peerDependenciesMeta": {
        "tree-sitter-cli": {
          "optional": true
        }
      }
    },
    "node_modules/@ast-grep/napi": {
      "version": "0.42.1",
      "resolved": "https://registry.npmjs.org/@ast-grep/napi/-/napi-0.42.1.tgz",
      "integrity": "sha512-+YEv9ElJi9azr8AYII79NxYXQRJsrUy1kUqZfxZfvPM7rhs3174mzB+qEE9Pl3sVKAJS5cevyT4lgLNV0AZK6A==",
      "dev": true,
      "license": "MIT",
      "engines": {
        "node": ">= 10"
      },
      "optionalDependencies": {
        "@ast-grep/napi-darwin-arm64": "0.42.1",
        "@ast-grep/napi-darwin-x64": "0.42.1",
        "@ast-grep/napi-linux-arm64-gnu": "0.42.1",
        "@ast-grep/napi-linux-arm64-musl": "0.42.1",
        "@ast-grep/napi-linux-x64-gnu": "0.42.1",
        "@ast-grep/napi-linux-x64-musl": "0.42.1",
        "@ast-grep/napi-win32-arm64-msvc": "0.42.1",
        "@ast-grep/napi-win32-ia32-msvc": "0.42.1",
        "@ast-grep/napi-win32-x64-msvc": "0.42.1"
      }
    },
    "node_modules/@ast-grep/napi-darwin-arm64": {
      "version": "0.42.1",
      "resolved": "https://registry.npmjs.org/@ast-grep/napi-darwin-arm64/-/napi-darwin-arm64-0.42.1.tgz",
      "integrity": "sha512-VtO4DX20ODCfRBwv1I71lZx+qlrhlMbt9Rpo3LozoaUpHnLmyFMBSgpUal5KTd1SCKUK8ekJGgxpKWo27H4AVQ==",
      "cpu": [
        "arm64"
      ],
      "dev": true,
      "license": "MIT",
      "optional": true,
      "os": [
        "darwin"
      ],
      "engines": {
        "node": ">= 10"
      }
    },
    "node_modules/@ast-grep/napi-darwin-x64": {
      "version": "0.42.1",
      "resolved": "https://registry.npmjs.org/@ast-grep/napi-darwin-x64/-/napi-darwin-x64-0.42.1.tgz",
      "integrity": "sha512-V2uaKP6QZLb60iFHK0IiXAcwSoUliiDJ3c1zLLzHnBFyCbTKC4b3L3XtkiyKsnpET+uzY7hQLpTIAhW5aOCX4w==",
      "cpu": [
        "x64"
      ],
      "dev": true,
      "license": "MIT",
      "optional": true,
      "os": [
        "darwin"
      ],
      "engines": {
        "node": ">= 10"
      }
    },
    "node_modules/@ast-grep/napi-linux-arm64-gnu": {
      "version": "0.42.1",
      "resolved": "https://registry.npmjs.org/@ast-grep/napi-linux-arm64-gnu/-/napi-linux-arm64-gnu-0.42.1.tgz",
      "integrity": "sha512-wmt59yzvcZT4Z5XpxB1B1FoFrc32l0vmy2G7yrY2lG9qP2M157mWdp1T50h2XoYrotyRhCyLDXP70SiTZHZkaQ==",
      "cpu": [
        "arm64"
      ],
      "dev": true,
      "license": "MIT",
      "optional": true,
      "os": [
        "linux"
      ],
      "engines": {
        "node": ">= 10"
      }
    },
    "node_modules/@ast-grep/napi-linux-arm64-musl": {
      "version": "0.42.1",
      "resolved": "https://registry.npmjs.org/@ast-grep/napi-linux-arm64-musl/-/napi-linux-arm64-musl-0.42.1.tgz",
      "integrity": "sha512-cnU+H0drvdkApQDJEcBsYGlPq2gk3l2Xxq0y8EmcxAXYXDNkz+Gc2vfvyM7ib2jD9Y51+cQIsb0RFzA2g9VnZQ==",
      "cpu": [
        "arm64"
      ],
      "dev": true,
      "license": "MIT",
      "optional": true,
      "os": [
        "linux"
      ],
      "engines": {
        "node": ">= 10"
      }
    },
    "node_modules/@ast-grep/napi-linux-x64-gnu": {
      "version": "0.42.1",
      "resolved": "https://registry.npmjs.org/@ast-grep/napi-linux-x64-gnu/-/napi-linux-x64-gnu-0.42.1.tgz",
      "integrity": "sha512-gY+PtqbFtFlR8rCL9F6GEPuymqLhh2eG/e8Ly01Z/S5x3e357nNaF69xAvNRpYi/HnEUZ5cE1MzshDCjubqE1A==",
      "cpu": [
        "x64"
      ],
      "dev": true,
      "license": "MIT",
      "optional": true,
      "os": [
        "linux"
      ],
      "engines": {
        "node": ">= 10"
      }
    },
    "node_modules/@ast-grep/napi-linux-x64-musl": {
      "version": "0.42.1",
      "resolved": "https://registry.npmjs.org/@ast-grep/napi-linux-x64-musl/-/napi-linux-x64-musl-0.42.1.tgz",
      "integrity": "sha512-yDTlIgFOzglpzs3Ua9w43uVeEW4csf80F5/n2FqCK5pip4Iyfu21Q+M8iC9AmTRl/OGHVI48ieuPwOD9i1i6hA==",
      "cpu": [
        "x64"
      ],
      "dev": true,
      "license": "MIT",
      "optional": true,
      "os": [
        "linux"
      ],
      "engines": {
        "node": ">= 10"
      }
    },
    "node_modules/@ast-grep/napi-win32-arm64-msvc": {
      "version": "0.42.1",
      "resolved": "https://registry.npmjs.org/@ast-grep/napi-win32-arm64-msvc/-/napi-win32-arm64-msvc-0.42.1.tgz",
      "integrity": "sha512-6WQhKEfZmtfMSIOzluMoBaQhNqfRKXzj5y2YA2U0Y3x7HxNAZBO067y8xlSMddKFN/FtCwft8GFktFxqSYWl1w==",
      "cpu": [
        "arm64"
      ],
      "dev": true,
      "license": "MIT",
      "optional": true,
      "os": [
        "win32"
      ],
      "engines": {
        "node": ">= 10"
      }
    },
    "node_modules/@ast-grep/napi-win32-ia32-msvc": {
      "version": "0.42.1",
      "resolved": "https://registry.npmjs.org/@ast-grep/napi-win32-ia32-msvc/-/napi-win32-ia32-msvc-0.42.1.tgz",
      "integrity": "sha512-ET2vRrsHo0e4JJbCrejzDcDPsfTmRaYK9VIpq1MqXXAUvLoiMly+cQYZ64MWdXTlgITKMXCYxhCbFPTn/9XZaQ==",
      "cpu": [
        "ia32"
      ],
      "dev": true,
      "license": "MIT",
      "optional": true,
      "os": [
        "win32"
      ],
      "engines": {
        "node": ">= 10"
      }
    },
    "node_modules/@ast-grep/napi-win32-x64-msvc": {
      "version": "0.42.1",
      "resolved": "https://registry.npmjs.org/@ast-grep/napi-win32-x64-msvc/-/napi-win32-x64-msvc-0.42.1.tgz",
      "integrity": "sha512-NAeA2Q6jp7F9uXtSuG12c1xjTzipXFCTvuAcEBnsTwBXq0kdPV6H6Y4GZJVcDhsHk3TX4sGlQGkuV/6FT2Ngig==",
      "cpu": [
        "x64"
      ],
      "dev": true,
      "license": "MIT",
      "optional": true,
      "os": [
        "win32"
      ],
      "engines": {
        "node": ">= 10"
      }
    },
    "node_modules/@ast-grep/setup-lang": {
      "version": "0.0.6",
      "resolved": "https://registry.npmjs.org/@ast-grep/setup-lang/-/setup-lang-0.0.6.tgz",
      "integrity": "sha512-aSYZNF5nGQMxnwiA3Lcc8zi0AtpGlug47ADgqCgP/2n7p922FbnW7vo1rbW4kKjW72B/3mDdN7uvYidv8JnPnw==",
      "dev": true,
      "license": "ISC"
    },
    "node_modules/@biomejs/biome": {
      "version": "2.4.13",
      "resolved": "https://registry.npmjs.org/@biomejs/biome/-/biome-2.4.13.tgz",
      "integrity": "sha512-gLXOwkOBBg0tr7bDsqlkIh4uFeKuMjxvqsrb1Tukww1iDmHcfr4Uu8MoQxp0Rcte+69+osRNWXwHsu/zxT6XqA==",
      "dev": true,
      "license": "MIT OR Apache-2.0",
      "bin": {
        "biome": "bin/biome"
      },
      "engines": {
        "node": ">=14.21.3"
      },
      "funding": {
        "type": "opencollective",
        "url": "https://opencollective.com/biome"
      },
      "optionalDependencies": {
        "@biomejs/cli-darwin-arm64": "2.4.13",
        "@biomejs/cli-darwin-x64": "2.4.13",
        "@biomejs/cli-linux-arm64": "2.4.13",
        "@biomejs/cli-linux-arm64-musl": "2.4.13",
        "@biomejs/cli-linux-x64": "2.4.13",
        "@biomejs/cli-linux-x64-musl": "2.4.13",
        "@biomejs/cli-win32-arm64": "2.4.13",
        "@biomejs/cli-win32-x64": "2.4.13"
      }
    },
    "node_modules/@biomejs/cli-darwin-arm64": {
      "version": "2.4.13",
      "resolved": "https://registry.npmjs.org/@biomejs/cli-darwin-arm64/-/cli-darwin-arm64-2.4.13.tgz",
      "integrity": "sha512-2KImO1jhNFBa2oWConyr0x6flxbQpGKv6902uGXpYM62Xyem8U80j441SyUJ8KyngsmKbQjeIv1q2CQfDkNnYg==",
      "cpu": [
        "arm64"
      ],
      "dev": true,
      "license": "MIT OR Apache-2.0",
      "optional": true,
      "os": [
        "darwin"
      ],
      "engines": {
        "node": ">=14.21.3"
      }
    },
    "node_modules/@biomejs/cli-darwin-x64": {
      "version": "2.4.13",
      "resolved": "https://registry.npmjs.org/@biomejs/cli-darwin-x64/-/cli-darwin-x64-2.4.13.tgz",
      "integrity": "sha512-BKrJklbaFN4p1Ts4kPBczo+PkbsHQg57kmJ+vON9u2t6uN5okYHaSr7h/MutPCWQgg2lglaWoSmm+zhYW+oOkg==",
      "cpu": [
        "x64"
      ],
      "dev": true,
      "license": "MIT OR Apache-2.0",
      "optional": true,
      "os": [
        "darwin"
      ],
      "engines": {
        "node": ">=14.21.3"
      }
    },
    "node_modules/@biomejs/cli-linux-arm64": {
      "version": "2.4.13",
      "resolved": "https://registry.npmjs.org/@biomejs/cli-linux-arm64/-/cli-linux-arm64-2.4.13.tgz",
      "integrity": "sha512-NzkUDSqfvMBrPplKgVr3aXLHZ2NEELvvF4vZxXulEylKWIGqlvNEcwUcj9OLrn75TD3lJ/GIqCVlBwd1MZCuYQ==",
      "cpu": [
        "arm64"
      ],
      "dev": true,
      "license": "MIT OR Apache-2.0",
      "optional": true,
      "os": [
        "linux"
      ],
      "engines": {
        "node": ">=14.21.3"
      }
    },
    "node_modules/@biomejs/cli-linux-arm64-musl": {
      "version": "2.4.13",
      "resolved": "https://registry.npmjs.org/@biomejs/cli-linux-arm64-musl/-/cli-linux-arm64-musl-2.4.13.tgz",
      "integrity": "sha512-U5MsuBQW25dXaYtqWWSPM3P96H6Y+fHuja3TQpMNnylocHW0tEbtFTDlUj6oM+YJLntvEkQy4grBvQNUD4+RCg==",
      "cpu": [
        "arm64"
      ],
      "dev": true,
      "license": "MIT OR Apache-2.0",
      "optional": true,
      "os": [
        "linux"
      ],
      "engines": {
        "node": ">=14.21.3"
      }
    },
    "node_modules/@biomejs/cli-linux-x64": {
      "version": "2.4.13",
      "resolved": "https://registry.npmjs.org/@biomejs/cli-linux-x64/-/cli-linux-x64-2.4.13.tgz",
      "integrity": "sha512-Az3ZZedYRBo9EQzNnD9SxFcR1G5QsGo6VEc2hIyVPZ1rdKwee/7E9oeBBZFpE8Z44ekxsDQBqbiWGW5ShOhUSQ==",
      "cpu": [
        "x64"
      ],
      "dev": true,
      "license": "MIT OR Apache-2.0",
      "optional": true,
      "os": [
        "linux"
      ],
      "engines": {
        "node": ">=14.21.3"
      }
    },
    "node_modules/@biomejs/cli-linux-x64-musl": {
      "version": "2.4.13",
      "resolved": "https://registry.npmjs.org/@biomejs/cli-linux-x64-musl/-/cli-linux-x64-musl-2.4.13.tgz",
      "integrity": "sha512-Z601MienRgTBDza/+u2CH3RSrWoXo9rtr8NK6A4KJzqGgfxx+H3VlyLgTJ4sRo40T3pIsqpTmiOQEvYzQvBRvQ==",
      "cpu": [
        "x64"
      ],
      "dev": true,
      "license": "MIT OR Apache-2.0",
      "optional": true,
      "os": [
        "linux"
      ],
      "engines": {
        "node": ">=14.21.3"
      }
    },
    "node_modules/@biomejs/cli-win32-arm64": {
      "version": "2.4.13",
      "resolved": "https://registry.npmjs.org/@biomejs/cli-win32-arm64/-/cli-win32-arm64-2.4.13.tgz",
      "integrity": "sha512-Px9PS2B5/Q183bUwy/5VHqp3J2lzdOCeVGzMpphYfl8oSa7VDCqenBdqWpy6DCy/en4Rbf/Y1RieZF6dJPcc9A==",
      "cpu": [
        "arm64"
      ],
      "dev": true,
      "license": "MIT OR Apache-2.0",
      "optional": true,
      "os": [
        "win32"
      ],
      "engines": {
        "node": ">=14.21.3"
      }
    },
    "node_modules/@biomejs/cli-win32-x64": {
      "version": "2.4.13",
      "resolved": "https://registry.npmjs.org/@biomejs/cli-win32-x64/-/cli-win32-x64-2.4.13.tgz",
      "integrity": "sha512-tTcMkXyBrmHi9BfrD2VNHs/5rYIUKETqsBlYOvSAABwBkJhSDVb5e7wPukftsQbO3WzQkXe6kaztC6WtUOXSoQ==",
      "cpu": [
        "x64"
      ],
      "dev": true,
      "license": "MIT OR Apache-2.0",
      "optional": true,
      "os": [
        "win32"
      ],
      "engines": {
        "node": ">=14.21.3"
      }
    },
    "node_modules/@codemod.com/jssg-types": {
      "version": "1.6.0",
      "resolved": "https://registry.npmjs.org/@codemod.com/jssg-types/-/jssg-types-1.6.0.tgz",
      "integrity": "sha512-9b6rsL3RZJvOPJ+gUj1W0041mHF6eYwLt+wsa4zqxJWNsxLha0JvFyaQdcw5XfQ5Ldd+H/kV/yZ4dpN+hC9OXw==",
      "dev": true,
      "license": "Apache-2.0"
    },
    "node_modules/@jssg/utils": {
      "version": "0.0.6",
      "resolved": "https://registry.npmjs.org/@jssg/utils/-/utils-0.0.6.tgz",
      "integrity": "sha512-Q1CTFqmCbvHS0v7hf/TJT4Peag8W6+bm0GbzKkhPP3K/KOXSXMbBCQnsvL3plaTlYsPPkUe6nQKGbAnRSVDQqA==",
      "license": "Apache-2.0"
    },
    "node_modules/@nodejs/buffer-atob-btoa": {
      "resolved": "recipes/buffer-atob-btoa",
      "link": true
    },
    "node_modules/@nodejs/chalk-to-util-styletext": {
      "resolved": "recipes/chalk-to-util-styletext",
      "link": true
    },
    "node_modules/@nodejs/codemod-utils": {
      "resolved": "utils",
      "link": true
    },
    "node_modules/@nodejs/create-require-from-path": {
      "resolved": "recipes/create-require-from-path",
      "link": true
    },
    "node_modules/@nodejs/createcredentials-to-createsecurecontext": {
      "resolved": "recipes/createCredentials-to-createSecureContext",
      "link": true
    },
    "node_modules/@nodejs/crypto-createcipheriv-migration": {
      "resolved": "recipes/crypto-createcipheriv-migration",
      "link": true
    },
    "node_modules/@nodejs/crypto-fips-to-getFips": {
      "resolved": "recipes/crypto-fips-to-getFips",
      "link": true
    },
    "node_modules/@nodejs/crypto-rsa-pss-update": {
      "resolved": "recipes/crypto-rsa-pss-update",
      "link": true
    },
    "node_modules/@nodejs/dirent-path-to-parent-path": {
      "resolved": "recipes/dirent-path-to-parent-path",
      "link": true
    },
    "node_modules/@nodejs/err-invalid-callback": {
      "resolved": "recipes/err-invalid-callback",
      "link": true
    },
    "node_modules/@nodejs/fs-access-mode-constants": {
      "resolved": "recipes/fs-access-mode-constants",
      "link": true
    },
    "node_modules/@nodejs/fs-truncate-fd-deprecation": {
      "resolved": "recipes/fs-truncate-fd-deprecation",
      "link": true
    },
    "node_modules/@nodejs/http-classes-with-new": {
      "resolved": "recipes/http-classes-with-new",
      "link": true
    },
    "node_modules/@nodejs/http-outgoingmessage-headers": {
      "resolved": "recipes/http-outgoingmessage-headers",
      "link": true
    },
    "node_modules/@nodejs/import-assertions-to-attributes": {
      "resolved": "recipes/import-assertions-to-attributes",
      "link": true
    },
    "node_modules/@nodejs/mock-module-exports": {
      "resolved": "recipes/mock-module-exports",
      "link": true
    },
    "node_modules/@nodejs/node-url-to-whatwg-url": {
      "resolved": "recipes/node-url-to-whatwg-url",
      "link": true
    },
    "node_modules/@nodejs/process-assert-to-node-assert": {
      "resolved": "recipes/process-assert-to-node-assert",
      "link": true
    },
    "node_modules/@nodejs/process-main-module": {
      "resolved": "recipes/process-main-module",
      "link": true
    },
    "node_modules/@nodejs/repl-builtin-modules": {
      "resolved": "recipes/repl-builtin-modules",
      "link": true
    },
    "node_modules/@nodejs/repl-classes-with-new": {
      "resolved": "recipes/repl-classes-with-new",
      "link": true
    },
    "node_modules/@nodejs/rmdir": {
      "resolved": "recipes/rmdir",
      "link": true
    },
    "node_modules/@nodejs/slow-buffer-to-buffer-alloc-unsafe-slow": {
      "resolved": "recipes/slow-buffer-to-buffer-alloc-unsafe-slow",
      "link": true
    },
    "node_modules/@nodejs/timers-deprecations": {
      "resolved": "recipes/timers-deprecations",
      "link": true
    },
    "node_modules/@nodejs/tls-create-secure-pair-to-tls-socket": {
      "resolved": "recipes/tls-create-secure-pair-to-tls-socket",
      "link": true
    },
    "node_modules/@nodejs/tmpdir-to-tmpdir": {
      "resolved": "recipes/tmpdir-to-tmpdir",
      "link": true
    },
    "node_modules/@nodejs/types-is-native-error": {
      "resolved": "recipes/types-is-native-error",
      "link": true
    },
    "node_modules/@nodejs/util-extend-to-object-assign": {
      "resolved": "recipes/util-extend-to-object-assign",
      "link": true
    },
    "node_modules/@nodejs/util-is": {
      "resolved": "recipes/util-is",
      "link": true
    },
    "node_modules/@nodejs/util-log-to-console-log": {
      "resolved": "recipes/util-log-to-console-log",
      "link": true
    },
    "node_modules/@nodejs/util-print-to-console-log": {
      "resolved": "recipes/util-print-to-console-log",
      "link": true
    },
    "node_modules/@nodejs/zlib-bytesread-to-byteswritten": {
      "resolved": "recipes/zlib-bytesread-to-byteswritten",
      "link": true
    },
    "node_modules/@types/node": {
      "version": "25.6.0",
      "resolved": "https://registry.npmjs.org/@types/node/-/node-25.6.0.tgz",
      "integrity": "sha512-+qIYRKdNYJwY3vRCZMdJbPLJAtGjQBudzZzdzwQYkEPQd+PJGixUL5QfvCLDaULoLv+RhT3LDkwEfKaAkgSmNQ==",
      "dev": true,
      "license": "MIT",
      "dependencies": {
        "undici-types": "~7.19.0"
      }
    },
    "node_modules/@typescript/native-preview": {
      "version": "7.0.0-dev.20260426.1",
      "resolved": "https://registry.npmjs.org/@typescript/native-preview/-/native-preview-7.0.0-dev.20260426.1.tgz",
      "integrity": "sha512-zE7B6TIG4XDYr4Your5E2Bxm1vD2YiPyD8OFG4nD5Odt/uN6gO0Y+T4TIbtGUBmOftMRqEV2Jw1ZC4ka0my1yw==",
      "dev": true,
      "license": "Apache-2.0",
      "bin": {
        "tsgo": "bin/tsgo.js"
      },
      "engines": {
        "node": ">=16.20.0"
      },
      "optionalDependencies": {
        "@typescript/native-preview-darwin-arm64": "7.0.0-dev.20260426.1",
        "@typescript/native-preview-darwin-x64": "7.0.0-dev.20260426.1",
        "@typescript/native-preview-linux-arm": "7.0.0-dev.20260426.1",
        "@typescript/native-preview-linux-arm64": "7.0.0-dev.20260426.1",
        "@typescript/native-preview-linux-x64": "7.0.0-dev.20260426.1",
        "@typescript/native-preview-win32-arm64": "7.0.0-dev.20260426.1",
        "@typescript/native-preview-win32-x64": "7.0.0-dev.20260426.1"
      }
    },
    "node_modules/@typescript/native-preview-darwin-arm64": {
      "version": "7.0.0-dev.20260426.1",
      "resolved": "https://registry.npmjs.org/@typescript/native-preview-darwin-arm64/-/native-preview-darwin-arm64-7.0.0-dev.20260426.1.tgz",
      "integrity": "sha512-HzGvERpIFO7p6pMljPN1fIOHqAv2oMeVIqYLSt27TKILkTRpe7fANW3R2OAM+/A+pLtYNNXGDbKl/wR+DHz9KA==",
      "cpu": [
        "arm64"
      ],
      "dev": true,
      "license": "Apache-2.0",
      "optional": true,
      "os": [
        "darwin"
      ],
      "engines": {
        "node": ">=16.20.0"
      }
    },
    "node_modules/@typescript/native-preview-darwin-x64": {
      "version": "7.0.0-dev.20260426.1",
      "resolved": "https://registry.npmjs.org/@typescript/native-preview-darwin-x64/-/native-preview-darwin-x64-7.0.0-dev.20260426.1.tgz",
      "integrity": "sha512-aE17wCPNQ09K4jV7TQYYRYF/Q/6nFS9jLpbyTYHtS+i+0yV1Rrs4VsqboisS1R/iSWsq3m1Yhh3uS4x3/9KUkg==",
      "cpu": [
        "x64"
      ],
      "dev": true,
      "license": "Apache-2.0",
      "optional": true,
      "os": [
        "darwin"
      ],
      "engines": {
        "node": ">=16.20.0"
      }
    },
    "node_modules/@typescript/native-preview-linux-arm": {
      "version": "7.0.0-dev.20260426.1",
      "resolved": "https://registry.npmjs.org/@typescript/native-preview-linux-arm/-/native-preview-linux-arm-7.0.0-dev.20260426.1.tgz",
      "integrity": "sha512-/XJRC8B6JeOOb2/iek/BrzW4r5Nut+fkucG7ntEOQn63IRTsfP+AfJdJodG1VIwXOleNlFgG4RtYTUsvcbDJhg==",
      "cpu": [
        "arm"
      ],
      "dev": true,
      "license": "Apache-2.0",
      "optional": true,
      "os": [
        "linux"
      ],
      "engines": {
        "node": ">=16.20.0"
      }
    },
    "node_modules/@typescript/native-preview-linux-arm64": {
      "version": "7.0.0-dev.20260426.1",
      "resolved": "https://registry.npmjs.org/@typescript/native-preview-linux-arm64/-/native-preview-linux-arm64-7.0.0-dev.20260426.1.tgz",
      "integrity": "sha512-6OfhODChD1N6FX+ITzA1lny3WX6uew/Nw9kN7uWhymXlM3/vE0qtaAfsMpgdHdCbTPgcdpGaNFhbcMieju9Vdg==",
      "cpu": [
        "arm64"
      ],
      "dev": true,
      "license": "Apache-2.0",
      "optional": true,
      "os": [
        "linux"
      ],
      "engines": {
        "node": ">=16.20.0"
      }
    },
    "node_modules/@typescript/native-preview-linux-x64": {
      "version": "7.0.0-dev.20260426.1",
      "resolved": "https://registry.npmjs.org/@typescript/native-preview-linux-x64/-/native-preview-linux-x64-7.0.0-dev.20260426.1.tgz",
      "integrity": "sha512-KPDpjmLo/4xY8ugfMGFm7Ona/1igPzZveLt/C0rb6/jNPYuShumRfKYnItGDRXBlmecJY/04lrqkWqQjhtSSPg==",
      "cpu": [
        "x64"
      ],
      "dev": true,
      "license": "Apache-2.0",
      "optional": true,
      "os": [
        "linux"
      ],
      "engines": {
        "node": ">=16.20.0"
      }
    },
    "node_modules/@typescript/native-preview-win32-arm64": {
      "version": "7.0.0-dev.20260426.1",
      "resolved": "https://registry.npmjs.org/@typescript/native-preview-win32-arm64/-/native-preview-win32-arm64-7.0.0-dev.20260426.1.tgz",
      "integrity": "sha512-I7ThiopxuNKX/iAcwgMwsm6L32GOwmwLOyPwQmXjh5c3VD2acq3FYyZRDJVk0aUUy1w6bTbODlo5ZHoPnlZtvw==",
      "cpu": [
        "arm64"
      ],
      "dev": true,
      "license": "Apache-2.0",
      "optional": true,
      "os": [
        "win32"
      ],
      "engines": {
        "node": ">=16.20.0"
      }
    },
    "node_modules/@typescript/native-preview-win32-x64": {
      "version": "7.0.0-dev.20260426.1",
      "resolved": "https://registry.npmjs.org/@typescript/native-preview-win32-x64/-/native-preview-win32-x64-7.0.0-dev.20260426.1.tgz",
      "integrity": "sha512-4624MJq72vN4H1msiWVBqAIyerJRi5Ni/U6eeE1A1Opqg4c4QoalYQQ+5h5RIuaZ6rY+9kvUn+SjsvbZwyLbjQ==",
      "cpu": [
        "x64"
      ],
      "dev": true,
      "license": "Apache-2.0",
      "optional": true,
      "os": [
        "win32"
      ],
      "engines": {
        "node": ">=16.20.0"
      }
    },
    "node_modules/dedent": {
      "version": "1.7.2",
      "resolved": "https://registry.npmjs.org/dedent/-/dedent-1.7.2.tgz",
      "integrity": "sha512-WzMx3mW98SN+zn3hgemf4OzdmyNhhhKz5Ay0pUfQiMQ3e1g+xmTJWp/pKdwKVXhdSkAEGIIzqeuWrL3mV/AXbA==",
      "license": "MIT",
      "peerDependencies": {
        "babel-plugin-macros": "^3.1.0"
      },
      "peerDependenciesMeta": {
        "babel-plugin-macros": {
          "optional": true
        }
      }
    },
    "node_modules/undici-types": {
      "version": "7.19.2",
      "resolved": "https://registry.npmjs.org/undici-types/-/undici-types-7.19.2.tgz",
      "integrity": "sha512-qYVnV5OEm2AW8cJMCpdV20CDyaN3g0AjDlOGf1OW4iaDEx8MwdtChUp4zu4H0VP3nDRF/8RKWH+IPp9uW0YGZg==",
      "dev": true,
      "license": "MIT"
    },
    "recipes/buffer-atob-btoa": {
      "name": "@nodejs/buffer-atob-btoa",
      "version": "1.0.1",
      "license": "MIT",
      "dependencies": {
        "@nodejs/codemod-utils": "*"
      },
      "devDependencies": {
        "@codemod.com/jssg-types": "^1.6.0"
      }
    },
    "recipes/chalk-to-util-styletext": {
      "name": "@nodejs/chalk-to-util-styletext",
      "version": "1.0.2",
      "license": "MIT",
      "dependencies": {
        "@nodejs/codemod-utils": "*"
      },
      "devDependencies": {
        "@codemod.com/jssg-types": "^1.6.0"
      }
    },
    "recipes/create-require-from-path": {
      "name": "@nodejs/create-require-from-path",
      "version": "1.1.2",
      "license": "MIT",
      "dependencies": {
        "@nodejs/codemod-utils": "*"
      },
      "devDependencies": {
        "@codemod.com/jssg-types": "^1.6.0"
      }
    },
    "recipes/createCredentials-to-createSecureContext": {
      "name": "@nodejs/createcredentials-to-createsecurecontext",
      "version": "1.0.1",
      "license": "MIT",
      "dependencies": {
        "@nodejs/codemod-utils": "*"
      },
      "devDependencies": {
        "@codemod.com/jssg-types": "^1.6.0"
      }
    },
    "recipes/crypto-createcipheriv-migration": {
      "name": "@nodejs/crypto-createcipheriv-migration",
      "version": "1.0.0",
      "license": "MIT",
      "dependencies": {
        "@nodejs/codemod-utils": "*",
        "dedent": "^1.7.1"
      },
      "devDependencies": {
        "@codemod.com/jssg-types": "^1.6.0"
      }
    },
    "recipes/crypto-fips-to-getFips": {
      "name": "@nodejs/crypto-fips-to-getFips",
      "version": "1.0.2",
      "license": "MIT",
      "dependencies": {
        "@nodejs/codemod-utils": "*"
      },
      "devDependencies": {
        "@codemod.com/jssg-types": "^1.6.0"
      }
    },
    "recipes/crypto-rsa-pss-update": {
      "name": "@nodejs/crypto-rsa-pss-update",
      "version": "1.0.2",
      "license": "MIT",
      "dependencies": {
        "@nodejs/codemod-utils": "*"
      },
      "devDependencies": {
        "@codemod.com/jssg-types": "^1.6.0"
      }
    },
    "recipes/dirent-path-to-parent-path": {
      "name": "@nodejs/dirent-path-to-parent-path",
      "version": "1.0.1",
      "license": "MIT",
      "dependencies": {
        "@nodejs/codemod-utils": "*"
      },
      "devDependencies": {
        "@codemod.com/jssg-types": "^1.6.0"
      }
    },
    "recipes/err-invalid-callback": {
      "name": "@nodejs/err-invalid-callback",
      "version": "1.0.0",
      "license": "MIT",
      "dependencies": {
        "@nodejs/codemod-utils": "*"
      },
      "devDependencies": {
        "@codemod.com/jssg-types": "^1.6.0"
      }
    },
    "recipes/fs-access-mode-constants": {
      "name": "@nodejs/fs-access-mode-constants",
      "version": "1.0.1",
      "license": "MIT",
      "dependencies": {
        "@nodejs/codemod-utils": "*"
      },
      "devDependencies": {
        "@codemod.com/jssg-types": "^1.6.0"
      }
    },
    "recipes/fs-truncate-fd-deprecation": {
      "name": "@nodejs/fs-truncate-fd-deprecation",
      "version": "1.0.2",
      "license": "MIT",
      "dependencies": {
        "@nodejs/codemod-utils": "*"
      },
      "devDependencies": {
        "@codemod.com/jssg-types": "^1.6.0"
      }
    },
    "recipes/http-classes-with-new": {
      "name": "@nodejs/http-classes-with-new",
      "version": "1.0.1",
      "license": "MIT",
      "dependencies": {
        "@nodejs/codemod-utils": "*"
      },
      "devDependencies": {
        "@codemod.com/jssg-types": "^1.6.0"
      }
    },
    "recipes/http-outgoingmessage-headers": {
      "name": "@nodejs/http-outgoingmessage-headers",
      "version": "1.0.0",
      "license": "MIT",
      "dependencies": {
        "@nodejs/codemod-utils": "*"
      },
      "devDependencies": {
        "@codemod.com/jssg-types": "^1.6.0"
      }
    },
    "recipes/import-assertions-to-attributes": {
      "name": "@nodejs/import-assertions-to-attributes",
      "version": "1.0.0",
      "license": "MIT",
      "devDependencies": {
        "@codemod.com/jssg-types": "^1.6.0"
      }
    },
    "recipes/mock-module-exports": {
      "name": "@nodejs/mock-module-exports",
      "version": "1.0.0",
      "license": "MIT",
      "dependencies": {
        "@nodejs/codemod-utils": "*"
      },
      "devDependencies": {
        "@codemod.com/jssg-types": "^1.6.0"
      }
    },
    "recipes/node-url-to-whatwg-url": {
      "name": "@nodejs/node-url-to-whatwg-url",
      "version": "1.0.1",
      "license": "MIT",
      "devDependencies": {
        "@codemod.com/jssg-types": "^1.6.0"
      }
    },
    "recipes/process-assert-to-node-assert": {
      "name": "@nodejs/process-assert-to-node-assert",
      "version": "1.0.2",
      "license": "MIT",
      "dependencies": {
        "@nodejs/codemod-utils": "*"
      },
      "devDependencies": {
        "@codemod.com/jssg-types": "^1.6.0"
      }
    },
    "recipes/process-main-module": {
      "name": "@nodejs/process-main-module",
      "version": "1.0.2",
      "license": "MIT",
      "dependencies": {
        "@nodejs/codemod-utils": "*"
      },
      "devDependencies": {
        "@codemod.com/jssg-types": "^1.6.0"
      }
    },
    "recipes/repl-builtin-modules": {
      "name": "@nodejs/repl-builtin-modules",
      "version": "1.0.1",
      "license": "MIT",
      "dependencies": {
        "@nodejs/codemod-utils": "*"
      },
      "devDependencies": {
        "@codemod.com/jssg-types": "^1.6.0"
      }
    },
    "recipes/repl-classes-with-new": {
      "name": "@nodejs/repl-classes-with-new",
      "version": "1.0.2",
      "license": "MIT",
      "dependencies": {
        "@nodejs/codemod-utils": "*"
      },
      "devDependencies": {
        "@codemod.com/jssg-types": "^1.6.0"
      }
    },
    "recipes/rmdir": {
      "name": "@nodejs/rmdir",
      "version": "1.1.1",
      "license": "MIT",
      "dependencies": {
        "@nodejs/codemod-utils": "*"
      },
      "devDependencies": {
        "@codemod.com/jssg-types": "^1.6.0"
      }
    },
    "recipes/slow-buffer-to-buffer-alloc-unsafe-slow": {
      "name": "@nodejs/slow-buffer-to-buffer-alloc-unsafe-slow",
      "version": "1.0.2",
      "license": "MIT",
      "dependencies": {
        "@nodejs/codemod-utils": "*"
      },
      "devDependencies": {
        "@codemod.com/jssg-types": "^1.6.0"
      }
    },
    "recipes/timers-deprecations": {
      "name": "@nodejs/timers-deprecations",
      "version": "1.0.0",
      "license": "MIT",
      "dependencies": {
        "@nodejs/codemod-utils": "*"
      },
      "devDependencies": {
        "@codemod.com/jssg-types": "^1.6.0"
      }
    },
    "recipes/tls-create-secure-pair-to-tls-socket": {
      "name": "@nodejs/tls-create-secure-pair-to-tls-socket",
      "version": "1.0.1",
      "license": "MIT",
      "dependencies": {
        "@jssg/utils": "^0.0.6",
        "@nodejs/codemod-utils": "*"
      },
      "devDependencies": {
        "@codemod.com/jssg-types": "^1.6.0"
      }
    },
    "recipes/tmpdir-to-tmpdir": {
      "name": "@nodejs/tmpdir-to-tmpdir",
      "version": "1.0.1",
      "license": "MIT",
      "dependencies": {
        "@nodejs/codemod-utils": "*"
      },
      "devDependencies": {
        "@codemod.com/jssg-types": "^1.6.0"
      }
    },
    "recipes/types-is-native-error": {
      "name": "@nodejs/types-is-native-error",
      "version": "1.0.1",
      "dependencies": {
        "@nodejs/codemod-utils": "*"
      },
      "devDependencies": {
        "@codemod.com/jssg-types": "^1.6.0"
      }
    },
    "recipes/util-extend-to-object-assign": {
      "name": "@nodejs/util-extend-to-object-assign",
      "version": "1.0.1",
      "license": "MIT",
      "dependencies": {
        "@nodejs/codemod-utils": "*"
      },
      "devDependencies": {
        "@codemod.com/jssg-types": "^1.6.0"
      }
    },
    "recipes/util-is": {
      "name": "@nodejs/util-is",
      "version": "1.0.2",
      "license": "MIT",
      "dependencies": {
        "@nodejs/codemod-utils": "0.0.0"
      },
      "devDependencies": {
        "@codemod.com/jssg-types": "^1.6.0"
      }
    },
    "recipes/util-log-to-console-log": {
      "name": "@nodejs/util-log-to-console-log",
      "version": "1.0.1",
      "license": "MIT",
      "dependencies": {
        "@nodejs/codemod-utils": "*"
      },
      "devDependencies": {
        "@codemod.com/jssg-types": "^1.6.0"
      }
    },
    "recipes/util-print-to-console-log": {
      "name": "@nodejs/util-print-to-console-log",
      "version": "1.0.2",
      "license": "MIT",
      "dependencies": {
        "@nodejs/codemod-utils": "*"
      },
      "devDependencies": {
        "@codemod.com/jssg-types": "^1.6.0"
      }
    },
    "recipes/zlib-bytesread-to-byteswritten": {
      "name": "@nodejs/zlib-bytesread-to-byteswritten",
      "version": "1.0.1",
      "license": "MIT",
      "dependencies": {
        "@nodejs/codemod-utils": "*"
      },
      "devDependencies": {
        "@codemod.com/jssg-types": "^1.6.0"
      }
    },
    "utils": {
      "name": "@nodejs/codemod-utils",
      "version": "0.0.0",
      "license": "MIT",
      "devDependencies": {
        "@ast-grep/lang-bash": "^0.0.8",
        "@ast-grep/lang-json": "^0.0.7",
        "@ast-grep/napi": "^0.42.1",
        "@codemod.com/jssg-types": "^1.6.0",
        "dedent": "^1.7.2"
      }
    }
  }
}
