{
  "name": "userland-migrations",
  "version": "1.0.0",
  "lockfileVersion": 3,
  "requires": true,
  "packages": {
    "": {
      "name": "userland-migrations",
      "version": "1.0.0",
      "license": "MIT",
      "workspaces": [
        "./recipes/*",
        "utils",
        "!./recipes/correct-ts-specifiers"
      ],
      "devDependencies": {
        "@biomejs/biome": "2.5.4",
        "@types/node": "^26.1.1",
        "typescript": "^7.0.2"
      }
    },
    "../codemod/node_modules/.pnpm/typescript@5.5.4/node_modules/typescript": {
      "version": "5.5.4",
      "extraneous": true,
      "license": "Apache-2.0",
      "bin": {
        "tsc": "bin/tsc",
        "tsserver": "bin/tsserver"
      },
      "devDependencies": {
        "@dprint/formatter": "^0.3.0",
        "@dprint/typescript": "0.91.0",
        "@esfx/canceltoken": "^1.0.0",
        "@octokit/rest": "^20.1.1",
        "@types/chai": "^4.3.16",
        "@types/microsoft__typescript-etw": "^0.1.3",
        "@types/minimist": "^1.2.5",
        "@types/mocha": "^10.0.6",
        "@types/ms": "^0.7.34",
        "@types/node": "latest",
        "@types/source-map-support": "^0.5.10",
        "@types/which": "^3.0.3",
        "@typescript-eslint/eslint-plugin": "^7.11.0",
        "@typescript-eslint/parser": "^7.11.0",
        "@typescript-eslint/utils": "^7.11.0",
        "azure-devops-node-api": "^13.0.0",
        "c8": "^9.1.0",
        "chai": "^4.4.1",
        "chalk": "^4.1.2",
        "chokidar": "^3.6.0",
        "diff": "^5.2.0",
        "dprint": "^0.46.1",
        "esbuild": "^0.21.4",
        "eslint": "^8.57.0",
        "eslint-formatter-autolinkable-stylish": "^1.3.0",
        "eslint-plugin-local": "^4.2.2",
        "fast-xml-parser": "^4.4.0",
        "glob": "^10.4.1",
        "hereby": "^1.8.9",
        "jsonc-parser": "^3.2.1",
        "minimist": "^1.2.8",
        "mocha": "^10.4.0",
        "mocha-fivemat-progress-reporter": "^0.1.0",
        "ms": "^2.1.3",
        "node-fetch": "^3.3.2",
        "playwright": "^1.44.1",
        "source-map-support": "^0.5.21",
        "tslib": "^2.6.2",
        "typescript": "^5.4.5",
        "which": "^3.0.1"
      },
      "engines": {
        "node": ">=14.17"
      }
    },
    "../codemod/node_modules/.pnpm/typescript@5.9.3/node_modules/typescript": {
      "version": "5.9.3",
      "extraneous": true,
      "license": "Apache-2.0",
      "bin": {
        "tsc": "bin/tsc",
        "tsserver": "bin/tsserver"
      },
      "devDependencies": {
        "@dprint/formatter": "^0.4.1",
        "@dprint/typescript": "0.93.4",
        "@esfx/canceltoken": "^1.0.0",
        "@eslint/js": "^9.20.0",
        "@octokit/rest": "^21.1.1",
        "@types/chai": "^4.3.20",
        "@types/diff": "^7.0.1",
        "@types/minimist": "^1.2.5",
        "@types/mocha": "^10.0.10",
        "@types/ms": "^0.7.34",
        "@types/node": "latest",
        "@types/source-map-support": "^0.5.10",
        "@types/which": "^3.0.4",
        "@typescript-eslint/rule-tester": "^8.24.1",
        "@typescript-eslint/type-utils": "^8.24.1",
        "@typescript-eslint/utils": "^8.24.1",
        "azure-devops-node-api": "^14.1.0",
        "c8": "^10.1.3",
        "chai": "^4.5.0",
        "chokidar": "^4.0.3",
        "diff": "^7.0.0",
        "dprint": "^0.49.0",
        "esbuild": "^0.25.0",
        "eslint": "^9.20.1",
        "eslint-formatter-autolinkable-stylish": "^1.4.0",
        "eslint-plugin-regexp": "^2.7.0",
        "fast-xml-parser": "^4.5.2",
        "glob": "^10.4.5",
        "globals": "^15.15.0",
        "hereby": "^1.10.0",
        "jsonc-parser": "^3.3.1",
        "knip": "^5.44.4",
        "minimist": "^1.2.8",
        "mocha": "^10.8.2",
        "mocha-fivemat-progress-reporter": "^0.1.0",
        "monocart-coverage-reports": "^2.12.1",
        "ms": "^2.1.3",
        "picocolors": "^1.1.1",
        "playwright": "^1.50.1",
        "source-map-support": "^0.5.21",
        "tslib": "^2.8.1",
        "typescript": "^5.7.3",
        "typescript-eslint": "^8.24.1",
        "which": "^3.0.1"
      },
      "engines": {
        "node": ">=14.17"
      }
    },
    "node_modules/@ast-grep/lang-bash": {
      "version": "0.0.8",
      "dev": true,
      "hasInstallScript": true,
      "license": "ISC",
      "dependencies": {
        "@ast-grep/setup-lang": "0.0.6"
      },
      "peerDependencies": {
        "tree-sitter-cli": "0.25.8"
      },
      "peerDependenciesMeta": {
        "tree-sitter-cli": {
          "optional": true
        }
      }
    },
    "node_modules/@ast-grep/lang-json": {
      "version": "0.0.7",
      "dev": true,
      "hasInstallScript": true,
      "license": "ISC",
      "dependencies": {
        "@ast-grep/setup-lang": "0.0.6"
      },
      "peerDependencies": {
        "tree-sitter-cli": "0.25.8"
      },
      "peerDependenciesMeta": {
        "tree-sitter-cli": {
          "optional": true
        }
      }
    },
    "node_modules/@ast-grep/napi": {
      "version": "0.44.1",
      "resolved": "https://registry.npmjs.org/@ast-grep/napi/-/napi-0.44.1.tgz",
      "integrity": "sha512-dJAJVYRKmUjXn+4mXUgfRvMrWujB9mLzPSq/2e8J7n6Hn3dY4jpZNpChj6hMi7PlZ2J2c7coAVoDBaax06uvXw==",
      "dev": true,
      "license": "MIT",
      "engines": {
        "node": ">= 10"
      },
      "optionalDependencies": {
        "@ast-grep/napi-darwin-arm64": "0.44.1",
        "@ast-grep/napi-darwin-x64": "0.44.1",
        "@ast-grep/napi-linux-arm64-gnu": "0.44.1",
        "@ast-grep/napi-linux-arm64-musl": "0.44.1",
        "@ast-grep/napi-linux-x64-gnu": "0.44.1",
        "@ast-grep/napi-linux-x64-musl": "0.44.1",
        "@ast-grep/napi-win32-arm64-msvc": "0.44.1",
        "@ast-grep/napi-win32-ia32-msvc": "0.44.1",
        "@ast-grep/napi-win32-x64-msvc": "0.44.1"
      }
    },
    "node_modules/@ast-grep/napi-darwin-arm64": {
      "version": "0.44.1",
      "resolved": "https://registry.npmjs.org/@ast-grep/napi-darwin-arm64/-/napi-darwin-arm64-0.44.1.tgz",
      "integrity": "sha512-JPcb1PvOkwKgccGbBgtoc4e6qfx/luvAtlc6SEtNPhvSwV8qagLb9MCSDcCiuqrqICx3qHj2CXouGbs66lCFvA==",
      "cpu": [
        "arm64"
      ],
      "dev": true,
      "license": "MIT",
      "optional": true,
      "os": [
        "darwin"
      ],
      "engines": {
        "node": ">= 10"
      }
    },
    "node_modules/@ast-grep/napi-darwin-x64": {
      "version": "0.44.1",
      "resolved": "https://registry.npmjs.org/@ast-grep/napi-darwin-x64/-/napi-darwin-x64-0.44.1.tgz",
      "integrity": "sha512-TZj9CnCoe30mj2Nri/mMDORgkp1nkeCiw03CIRPOaUqNOvCNyMWLQhxwGJcG1KpY9MuTZsbLcQ3jju0fXZJjwQ==",
      "cpu": [
        "x64"
      ],
      "dev": true,
      "license": "MIT",
      "optional": true,
      "os": [
        "darwin"
      ],
      "engines": {
        "node": ">= 10"
      }
    },
    "node_modules/@ast-grep/napi-linux-arm64-gnu": {
      "version": "0.44.1",
      "resolved": "https://registry.npmjs.org/@ast-grep/napi-linux-arm64-gnu/-/napi-linux-arm64-gnu-0.44.1.tgz",
      "integrity": "sha512-tw/7ruKolNcy97tDf/24Arb8wo/Ho2FRHk98lrmYQZZr18fFaiYjRXTCJTizOsdo6wL/asht4Rpdo/eRPuDhVw==",
      "cpu": [
        "arm64"
      ],
      "dev": true,
      "libc": [
        "glibc"
      ],
      "license": "MIT",
      "optional": true,
      "os": [
        "linux"
      ],
      "engines": {
        "node": ">= 10"
      }
    },
    "node_modules/@ast-grep/napi-linux-arm64-musl": {
      "version": "0.44.1",
      "resolved": "https://registry.npmjs.org/@ast-grep/napi-linux-arm64-musl/-/napi-linux-arm64-musl-0.44.1.tgz",
      "integrity": "sha512-IJlY4GnuDqABa40xMvJp62nEQWYmk6wXtZc2sbPiQoemxAPG6X2m+eWwYpE9heAQOe6iNkXsILNH8YZHRTYayA==",
      "cpu": [
        "arm64"
      ],
      "dev": true,
      "libc": [
        "musl"
      ],
      "license": "MIT",
      "optional": true,
      "os": [
        "linux"
      ],
      "engines": {
        "node": ">= 10"
      }
    },
    "node_modules/@ast-grep/napi-linux-x64-gnu": {
      "version": "0.44.1",
      "resolved": "https://registry.npmjs.org/@ast-grep/napi-linux-x64-gnu/-/napi-linux-x64-gnu-0.44.1.tgz",
      "integrity": "sha512-6YyLrXn0RcKCS/FpqAFVWWtbGNFYia5tNI6mX1PqVQPCMT5EojHDXpW2/eo6uV/BnGCsVpTocAWSpac6tACa6g==",
      "cpu": [
        "x64"
      ],
      "dev": true,
      "libc": [
        "glibc"
      ],
      "license": "MIT",
      "optional": true,
      "os": [
        "linux"
      ],
      "engines": {
        "node": ">= 10"
      }
    },
    "node_modules/@ast-grep/napi-linux-x64-musl": {
      "version": "0.44.1",
      "resolved": "https://registry.npmjs.org/@ast-grep/napi-linux-x64-musl/-/napi-linux-x64-musl-0.44.1.tgz",
      "integrity": "sha512-P8ze2Srap/4RsxbrzMy/NSvkRfLwNfvfoEbwBqS/q199t3wVkpS2gT13QkANrgU+RLUgAIawnFBpjbm5XinIuQ==",
      "cpu": [
        "x64"
      ],
      "dev": true,
      "libc": [
        "musl"
      ],
      "license": "MIT",
      "optional": true,
      "os": [
        "linux"
      ],
      "engines": {
        "node": ">= 10"
      }
    },
    "node_modules/@ast-grep/napi-win32-arm64-msvc": {
      "version": "0.44.1",
      "resolved": "https://registry.npmjs.org/@ast-grep/napi-win32-arm64-msvc/-/napi-win32-arm64-msvc-0.44.1.tgz",
      "integrity": "sha512-ty5fItgu6aTDJg1fVkWwx0qboB5pFsyjRHSgi5uqXFzLbno1vOKog1pMzu3xcKcLqMiNI0axML+HdFOqSFQz0w==",
      "cpu": [
        "arm64"
      ],
      "dev": true,
      "license": "MIT",
      "optional": true,
      "os": [
        "win32"
      ],
      "engines": {
        "node": ">= 10"
      }
    },
    "node_modules/@ast-grep/napi-win32-ia32-msvc": {
      "version": "0.44.1",
      "resolved": "https://registry.npmjs.org/@ast-grep/napi-win32-ia32-msvc/-/napi-win32-ia32-msvc-0.44.1.tgz",
      "integrity": "sha512-1wTv2MrQLygnaZhlgH8aYpOkHW051CwWWowTr2AFGkn+2PMfsTTG4SEWcZArOIKlAGdWAvvlut66tLyzKhAFyw==",
      "cpu": [
        "ia32"
      ],
      "dev": true,
      "license": "MIT",
      "optional": true,
      "os": [
        "win32"
      ],
      "engines": {
        "node": ">= 10"
      }
    },
    "node_modules/@ast-grep/napi-win32-x64-msvc": {
      "version": "0.44.1",
      "resolved": "https://registry.npmjs.org/@ast-grep/napi-win32-x64-msvc/-/napi-win32-x64-msvc-0.44.1.tgz",
      "integrity": "sha512-U8CK5JaH8YUezTJnyk97I3C5Twh9gKDB/Q3KztQdOZGeoYqthnQzM4Ntvlz8aWaVSssn7OyGMr3O8ZoK0W8aJg==",
      "cpu": [
        "x64"
      ],
      "dev": true,
      "license": "MIT",
      "optional": true,
      "os": [
        "win32"
      ],
      "engines": {
        "node": ">= 10"
      }
    },
    "node_modules/@ast-grep/setup-lang": {
      "version": "0.0.6",
      "dev": true,
      "license": "ISC"
    },
    "node_modules/@biomejs/biome": {
      "version": "2.5.4",
      "resolved": "https://registry.npmjs.org/@biomejs/biome/-/biome-2.5.4.tgz",
      "integrity": "sha512-xy5FNE5kQJKyK5MR1gJy6ztXYx4WBAbYGlK04lMEgmyPRWKybY9NFwiG9yo0XdzOU8Xvhj41u034J1ywfoWfMw==",
      "dev": true,
      "license": "MIT OR Apache-2.0",
      "bin": {
        "biome": "bin/biome"
      },
      "engines": {
        "node": ">=14.21.3"
      },
      "funding": {
        "type": "opencollective",
        "url": "https://opencollective.com/biome"
      },
      "optionalDependencies": {
        "@biomejs/cli-darwin-arm64": "2.5.4",
        "@biomejs/cli-darwin-x64": "2.5.4",
        "@biomejs/cli-linux-arm64": "2.5.4",
        "@biomejs/cli-linux-arm64-musl": "2.5.4",
        "@biomejs/cli-linux-x64": "2.5.4",
        "@biomejs/cli-linux-x64-musl": "2.5.4",
        "@biomejs/cli-win32-arm64": "2.5.4",
        "@biomejs/cli-win32-x64": "2.5.4"
      }
    },
    "node_modules/@biomejs/cli-darwin-arm64": {
      "version": "2.5.4",
      "resolved": "https://registry.npmjs.org/@biomejs/cli-darwin-arm64/-/cli-darwin-arm64-2.5.4.tgz",
      "integrity": "sha512-4o3NFRobXHynkgcFVrlZsoDAFtF2ldlEGN8sORSws5ZQqyY4PXnPUIylu4ksfyHuwkfvDREuWh3JK+niRwGq3w==",
      "cpu": [
        "arm64"
      ],
      "dev": true,
      "license": "MIT OR Apache-2.0",
      "optional": true,
      "os": [
        "darwin"
      ],
      "engines": {
        "node": ">=14.21.3"
      }
    },
    "node_modules/@biomejs/cli-darwin-x64": {
      "version": "2.5.4",
      "resolved": "https://registry.npmjs.org/@biomejs/cli-darwin-x64/-/cli-darwin-x64-2.5.4.tgz",
      "integrity": "sha512-D32P5HkU2Y6PySuC/WsVDTOgsDwVFmujzhhhOQjajtATpVWFDXuVd3oRbsWNSEA+aaFzyzZm22szsyydBYlSyQ==",
      "cpu": [
        "x64"
      ],
      "dev": true,
      "license": "MIT OR Apache-2.0",
      "optional": true,
      "os": [
        "darwin"
      ],
      "engines": {
        "node": ">=14.21.3"
      }
    },
    "node_modules/@biomejs/cli-linux-arm64": {
      "version": "2.5.4",
      "resolved": "https://registry.npmjs.org/@biomejs/cli-linux-arm64/-/cli-linux-arm64-2.5.4.tgz",
      "integrity": "sha512-pSEfW7B8kTsXUjUxC1xVVK+y85Ht3C5XxZ9gclmC7/3Ku9Vqz8jmI7k0p/BNIjQ6t4sFERI2sFeH73ybiZl6YQ==",
      "cpu": [
        "arm64"
      ],
      "dev": true,
      "libc": [
        "glibc"
      ],
      "license": "MIT OR Apache-2.0",
      "optional": true,
      "os": [
        "linux"
      ],
      "engines": {
        "node": ">=14.21.3"
      }
    },
    "node_modules/@biomejs/cli-linux-arm64-musl": {
      "version": "2.5.4",
      "resolved": "https://registry.npmjs.org/@biomejs/cli-linux-arm64-musl/-/cli-linux-arm64-musl-2.5.4.tgz",
      "integrity": "sha512-Rpm5/AT1m+DlJmUoYvS4/vXc+0tXJPJ2NQz25TGPyHVF5JrWy75PE0GH6kVxsKtQDuCH4OgzquZq0R4kj/wCVg==",
      "cpu": [
        "arm64"
      ],
      "dev": true,
      "libc": [
        "musl"
      ],
      "license": "MIT OR Apache-2.0",
      "optional": true,
      "os": [
        "linux"
      ],
      "engines": {
        "node": ">=14.21.3"
      }
    },
    "node_modules/@biomejs/cli-linux-x64": {
      "version": "2.5.4",
      "resolved": "https://registry.npmjs.org/@biomejs/cli-linux-x64/-/cli-linux-x64-2.5.4.tgz",
      "integrity": "sha512-FNxojWJkL7EajAuzBgoLe0T2G0y112M4lBrDIFl/DomFTx8yqenYOIdsRLNXvOvBBofE8hJi85LjzLmBDpY7/Q==",
      "cpu": [
        "x64"
      ],
      "dev": true,
      "libc": [
        "glibc"
      ],
      "license": "MIT OR Apache-2.0",
      "optional": true,
      "os": [
        "linux"
      ],
      "engines": {
        "node": ">=14.21.3"
      }
    },
    "node_modules/@biomejs/cli-linux-x64-musl": {
      "version": "2.5.4",
      "resolved": "https://registry.npmjs.org/@biomejs/cli-linux-x64-musl/-/cli-linux-x64-musl-2.5.4.tgz",
      "integrity": "sha512-aby/PohmmgbShcHqFsZVzG8H6D98+P+A6xRWRrQcLW1pCjabcov5UUlke4UqNQBYTkDQav+jB4zyyDDeKB2GaA==",
      "cpu": [
        "x64"
      ],
      "dev": true,
      "libc": [
        "musl"
      ],
      "license": "MIT OR Apache-2.0",
      "optional": true,
      "os": [
        "linux"
      ],
      "engines": {
        "node": ">=14.21.3"
      }
    },
    "node_modules/@biomejs/cli-win32-arm64": {
      "version": "2.5.4",
      "resolved": "https://registry.npmjs.org/@biomejs/cli-win32-arm64/-/cli-win32-arm64-2.5.4.tgz",
      "integrity": "sha512-emoXexPZIPAZkz2RKmA95WJUqK3I5MJNYtwEbL5ESciRzhmFMMyekDhNG8hpeOaK+ZGRDxAU4wvGuA5IHQ0h0w==",
      "cpu": [
        "arm64"
      ],
      "dev": true,
      "license": "MIT OR Apache-2.0",
      "optional": true,
      "os": [
        "win32"
      ],
      "engines": {
        "node": ">=14.21.3"
      }
    },
    "node_modules/@biomejs/cli-win32-x64": {
      "version": "2.5.4",
      "resolved": "https://registry.npmjs.org/@biomejs/cli-win32-x64/-/cli-win32-x64-2.5.4.tgz",
      "integrity": "sha512-U1jaluLw1qQc2Tx7/CeSoL9N5XcqIH+GWjpUAy1ouB5nVjSCMNO+NNHdY3RAs8zxNurLWAdj6pehQdCA2zyU+Q==",
      "cpu": [
        "x64"
      ],
      "dev": true,
      "license": "MIT OR Apache-2.0",
      "optional": true,
      "os": [
        "win32"
      ],
      "engines": {
        "node": ">=14.21.3"
      }
    },
    "node_modules/@codemod.com/jssg-types": {
      "version": "1.6.2",
      "resolved": "https://registry.npmjs.org/@codemod.com/jssg-types/-/jssg-types-1.6.2.tgz",
      "integrity": "sha512-YnKYEwyD+wi0/ahDpsSxxutVBkOON46SrZjj7Z8w2CAAGhuMmighTM6g/MNk1GGjVUj1dULWVof5ArKLSYvnzg==",
      "dev": true,
      "license": "Apache-2.0"
    },
    "node_modules/@nodejs/axios-to-whatwg-fetch": {
      "resolved": "recipes/axios-to-whatwg-fetch",
      "link": true
    },
    "node_modules/@nodejs/buffer-atob-btoa": {
      "resolved": "recipes/buffer-atob-btoa",
      "link": true
    },
    "node_modules/@nodejs/chalk-to-util-styletext": {
      "resolved": "recipes/chalk-to-util-styletext",
      "link": true
    },
    "node_modules/@nodejs/codemod-utils": {
      "resolved": "utils",
      "link": true
    },
    "node_modules/@nodejs/create-require-from-path": {
      "resolved": "recipes/create-require-from-path",
      "link": true
    },
    "node_modules/@nodejs/createcredentials-to-createsecurecontext": {
      "resolved": "recipes/createCredentials-to-createSecureContext",
      "link": true
    },
    "node_modules/@nodejs/crypto-createcipheriv-migration": {
      "resolved": "recipes/crypto-createcipheriv-migration",
      "link": true
    },
    "node_modules/@nodejs/crypto-fips-to-getFips": {
      "resolved": "recipes/crypto-fips-to-getFips",
      "link": true
    },
    "node_modules/@nodejs/crypto-rsa-pss-update": {
      "resolved": "recipes/crypto-rsa-pss-update",
      "link": true
    },
    "node_modules/@nodejs/dirent-path-to-parent-path": {
      "resolved": "recipes/dirent-path-to-parent-path",
      "link": true
    },
    "node_modules/@nodejs/err-invalid-callback": {
      "resolved": "recipes/err-invalid-callback",
      "link": true
    },
    "node_modules/@nodejs/fs-access-mode-constants": {
      "resolved": "recipes/fs-access-mode-constants",
      "link": true
    },
    "node_modules/@nodejs/fs-truncate-fd-deprecation": {
      "resolved": "recipes/fs-truncate-fd-deprecation",
      "link": true
    },
    "node_modules/@nodejs/http-classes-with-new": {
      "resolved": "recipes/http-classes-with-new",
      "link": true
    },
    "node_modules/@nodejs/http-outgoingmessage-headers": {
      "resolved": "recipes/http-outgoingmessage-headers",
      "link": true
    },
    "node_modules/@nodejs/http2-priority-signaling": {
      "resolved": "recipes/http2-priority-signaling",
      "link": true
    },
    "node_modules/@nodejs/import-assertions-to-attributes": {
      "resolved": "recipes/import-assertions-to-attributes",
      "link": true
    },
    "node_modules/@nodejs/mocha-to-node-test-runner": {
      "resolved": "recipes/mocha-to-node-test-runner",
      "link": true
    },
    "node_modules/@nodejs/mock-module-exports": {
      "resolved": "recipes/mock-module-exports",
      "link": true
    },
    "node_modules/@nodejs/node-url-to-whatwg-url": {
      "resolved": "recipes/node-url-to-whatwg-url",
      "link": true
    },
    "node_modules/@nodejs/process-assert-to-node-assert": {
      "resolved": "recipes/process-assert-to-node-assert",
      "link": true
    },
    "node_modules/@nodejs/process-exit-coercion-to-integer": {
      "resolved": "recipes/process-exit-coercion-to-integer",
      "link": true
    },
    "node_modules/@nodejs/process-main-module": {
      "resolved": "recipes/process-main-module",
      "link": true
    },
    "node_modules/@nodejs/repl-builtin-modules": {
      "resolved": "recipes/repl-builtin-modules",
      "link": true
    },
    "node_modules/@nodejs/repl-classes-with-new": {
      "resolved": "recipes/repl-classes-with-new",
      "link": true
    },
    "node_modules/@nodejs/rmdir": {
      "resolved": "recipes/rmdir",
      "link": true
    },
    "node_modules/@nodejs/slow-buffer-to-buffer-alloc-unsafe-slow": {
      "resolved": "recipes/slow-buffer-to-buffer-alloc-unsafe-slow",
      "link": true
    },
    "node_modules/@nodejs/timers-deprecations": {
      "resolved": "recipes/timers-deprecations",
      "link": true
    },
    "node_modules/@nodejs/tls-create-secure-pair-to-tls-socket": {
      "resolved": "recipes/tls-create-secure-pair-to-tls-socket",
      "link": true
    },
    "node_modules/@nodejs/tmpdir-to-tmpdir": {
      "resolved": "recipes/tmpdir-to-tmpdir",
      "link": true
    },
    "node_modules/@nodejs/types-is-native-error": {
      "resolved": "recipes/types-is-native-error",
      "link": true
    },
    "node_modules/@nodejs/util-extend-to-object-assign": {
      "resolved": "recipes/util-extend-to-object-assign",
      "link": true
    },
    "node_modules/@nodejs/util-is": {
      "resolved": "recipes/util-is",
      "link": true
    },
    "node_modules/@nodejs/util-log-to-console-log": {
      "resolved": "recipes/util-log-to-console-log",
      "link": true
    },
    "node_modules/@nodejs/util-print-to-console-log": {
      "resolved": "recipes/util-print-to-console-log",
      "link": true
    },
    "node_modules/@nodejs/zlib-bytesread-to-byteswritten": {
      "resolved": "recipes/zlib-bytesread-to-byteswritten",
      "link": true
    },
    "node_modules/@types/node": {
      "version": "26.1.1",
      "resolved": "https://registry.npmjs.org/@types/node/-/node-26.1.1.tgz",
      "integrity": "sha512-nxAkRSVkN1Y0JC1W8ky/fTfkGsMmcrRsbx+3XoZE+rMOX71kLYTV7fLXpqud1GpbpP5TuffXFqfX7fH2GgZREw==",
      "dev": true,
      "license": "MIT",
      "dependencies": {
        "undici-types": "~8.3.0"
      }
    },
    "node_modules/@typescript/typescript-aix-ppc64": {
      "version": "7.0.2",
      "resolved": "https://registry.npmjs.org/@typescript/typescript-aix-ppc64/-/typescript-aix-ppc64-7.0.2.tgz",
      "integrity": "sha512-MTKKkWB7p/0E9xi1d1tHtZ5PiLkGEMIq88pK2CubZjOsLtYTLqhgIgi6zepFa+9GHZ6h05NMCkQxGKiPXMxXtQ==",
      "cpu": [
        "ppc64"
      ],
      "dev": true,
      "license": "Apache-2.0",
      "optional": true,
      "os": [
        "aix"
      ],
      "engines": {
        "node": ">=16.20.0"
      }
    },
    "node_modules/@typescript/typescript-darwin-arm64": {
      "version": "7.0.2",
      "resolved": "https://registry.npmjs.org/@typescript/typescript-darwin-arm64/-/typescript-darwin-arm64-7.0.2.tgz",
      "integrity": "sha512-gowzar9MwS/aRWp6f3a4KUqzRjAZjOsmGNCM6LcTgXum+dBfgsBVMN+AgvOCCbguXyick6LJhpBszxMebJ8syA==",
      "cpu": [
        "arm64"
      ],
      "dev": true,
      "license": "Apache-2.0",
      "optional": true,
      "os": [
        "darwin"
      ],
      "engines": {
        "node": ">=16.20.0"
      }
    },
    "node_modules/@typescript/typescript-darwin-x64": {
      "version": "7.0.2",
      "resolved": "https://registry.npmjs.org/@typescript/typescript-darwin-x64/-/typescript-darwin-x64-7.0.2.tgz",
      "integrity": "sha512-SZ9xZInqApNlNGc9s0W1VSsktYSOe9cFqNOIqmN1Gs8SmkjKZYFt017G4VwPxASInODuAdbTW7sXiFUf893RgA==",
      "cpu": [
        "x64"
      ],
      "dev": true,
      "license": "Apache-2.0",
      "optional": true,
      "os": [
        "darwin"
      ],
      "engines": {
        "node": ">=16.20.0"
      }
    },
    "node_modules/@typescript/typescript-freebsd-arm64": {
      "version": "7.0.2",
      "resolved": "https://registry.npmjs.org/@typescript/typescript-freebsd-arm64/-/typescript-freebsd-arm64-7.0.2.tgz",
      "integrity": "sha512-W5NH4y/J0plIIS5b2xvTEkU7JFxyqdMAOgf+Ilhl0vHQXKO5dZoxd+C/jEtq56c4F3wk71RB4BMRQ2XdI+bwYQ==",
      "cpu": [
        "arm64"
      ],
      "dev": true,
      "license": "Apache-2.0",
      "optional": true,
      "os": [
        "freebsd"
      ],
      "engines": {
        "node": ">=16.20.0"
      }
    },
    "node_modules/@typescript/typescript-freebsd-x64": {
      "version": "7.0.2",
      "resolved": "https://registry.npmjs.org/@typescript/typescript-freebsd-x64/-/typescript-freebsd-x64-7.0.2.tgz",
      "integrity": "sha512-UMGDx5sTpzNw3WiPebH7l90IWfJggEd+egHt/q6p7/Cm3zqoV7VxkGXt+3DxPIw8CcmvAB0j3sVVfbhX+M4Tpw==",
      "cpu": [
        "x64"
      ],
      "dev": true,
      "license": "Apache-2.0",
      "optional": true,
      "os": [
        "freebsd"
      ],
      "engines": {
        "node": ">=16.20.0"
      }
    },
    "node_modules/@typescript/typescript-linux-arm": {
      "version": "7.0.2",
      "resolved": "https://registry.npmjs.org/@typescript/typescript-linux-arm/-/typescript-linux-arm-7.0.2.tgz",
      "integrity": "sha512-gffT3xPz9sR7j/YJExkyPntrI0P2EP9XbOyWzth2/Gs0RstK+90RBcO0ncXoXy/beYll1SXw846Nf2zdnEz0QQ==",
      "cpu": [
        "arm"
      ],
      "dev": true,
      "license": "Apache-2.0",
      "optional": true,
      "os": [
        "linux"
      ],
      "engines": {
        "node": ">=16.20.0"
      }
    },
    "node_modules/@typescript/typescript-linux-arm64": {
      "version": "7.0.2",
      "resolved": "https://registry.npmjs.org/@typescript/typescript-linux-arm64/-/typescript-linux-arm64-7.0.2.tgz",
      "integrity": "sha512-Qh4eU4/y3yDjnfjjyPYihMj5/ODIlmt+Bzu17OI+fiSRDW57QmU5SiN63exPRNJPKUzcc1INa1NXdrJ+MqHjUQ==",
      "cpu": [
        "arm64"
      ],
      "dev": true,
      "license": "Apache-2.0",
      "optional": true,
      "os": [
        "linux"
      ],
      "engines": {
        "node": ">=16.20.0"
      }
    },
    "node_modules/@typescript/typescript-linux-loong64": {
      "version": "7.0.2",
      "resolved": "https://registry.npmjs.org/@typescript/typescript-linux-loong64/-/typescript-linux-loong64-7.0.2.tgz",
      "integrity": "sha512-uEHck9i8hoAzXPiYRib1O7miOnz23SxIeVl6F4LXox+qov1K35jHcEW6VHKvZI+pyvl7fZEP4MCU5LYvIq1GuQ==",
      "cpu": [
        "loong64"
      ],
      "dev": true,
      "license": "Apache-2.0",
      "optional": true,
      "os": [
        "linux"
      ],
      "engines": {
        "node": ">=16.20.0"
      }
    },
    "node_modules/@typescript/typescript-linux-mips64el": {
      "version": "7.0.2",
      "resolved": "https://registry.npmjs.org/@typescript/typescript-linux-mips64el/-/typescript-linux-mips64el-7.0.2.tgz",
      "integrity": "sha512-R4KvAMnE43W5Qeqb0Ly56O3mWMWIAgsMyz36DCaycd5nbg/9kzm0liw3JocfRqyJY0KPmzFjbswozXyW0DnIYA==",
      "cpu": [
        "mips64el"
      ],
      "dev": true,
      "license": "Apache-2.0",
      "optional": true,
      "os": [
        "linux"
      ],
      "engines": {
        "node": ">=16.20.0"
      }
    },
    "node_modules/@typescript/typescript-linux-ppc64": {
      "version": "7.0.2",
      "resolved": "https://registry.npmjs.org/@typescript/typescript-linux-ppc64/-/typescript-linux-ppc64-7.0.2.tgz",
      "integrity": "sha512-DORx5b3sd/4S7eayxm4FQv+A7CrkUIGRaHiwI8oiHTAI1fAPWhF4J0vAlkC8biAlHSVVwxMQ3tjZ2/DVbnQiiA==",
      "cpu": [
        "ppc64"
      ],
      "dev": true,
      "license": "Apache-2.0",
      "optional": true,
      "os": [
        "linux"
      ],
      "engines": {
        "node": ">=16.20.0"
      }
    },
    "node_modules/@typescript/typescript-linux-riscv64": {
      "version": "7.0.2",
      "resolved": "https://registry.npmjs.org/@typescript/typescript-linux-riscv64/-/typescript-linux-riscv64-7.0.2.tgz",
      "integrity": "sha512-wf0jqEDOjrPRnKwYRyyJDRo11KMbvMFrU+q4zqKyChODBzvlkbhNQfKvLxQCcwTpdDaXSHZTVuh0JoCrKCUMHQ==",
      "cpu": [
        "riscv64"
      ],
      "dev": true,
      "license": "Apache-2.0",
      "optional": true,
      "os": [
        "linux"
      ],
      "engines": {
        "node": ">=16.20.0"
      }
    },
    "node_modules/@typescript/typescript-linux-s390x": {
      "version": "7.0.2",
      "resolved": "https://registry.npmjs.org/@typescript/typescript-linux-s390x/-/typescript-linux-s390x-7.0.2.tgz",
      "integrity": "sha512-IkwJc3L7yhytWd/ewjyxNDfOmswCm9GWMJT/ue/dU4aZNbwZeYAetq42VyLmsmSjvoX7z74X6ZaYCtzAr0EuGw==",
      "cpu": [
        "s390x"
      ],
      "dev": true,
      "license": "Apache-2.0",
      "optional": true,
      "os": [
        "linux"
      ],
      "engines": {
        "node": ">=16.20.0"
      }
    },
    "node_modules/@typescript/typescript-linux-x64": {
      "version": "7.0.2",
      "resolved": "https://registry.npmjs.org/@typescript/typescript-linux-x64/-/typescript-linux-x64-7.0.2.tgz",
      "integrity": "sha512-EYdf2cNg7rgCWJnxCdJ+F3V39O8ihb37eHAu1LK8oAFizgTQbPOK7zHHXbPt8rX24COqODXeI3sIf0fCXG7H/A==",
      "cpu": [
        "x64"
      ],
      "dev": true,
      "license": "Apache-2.0",
      "optional": true,
      "os": [
        "linux"
      ],
      "engines": {
        "node": ">=16.20.0"
      }
    },
    "node_modules/@typescript/typescript-netbsd-arm64": {
      "version": "7.0.2",
      "resolved": "https://registry.npmjs.org/@typescript/typescript-netbsd-arm64/-/typescript-netbsd-arm64-7.0.2.tgz",
      "integrity": "sha512-+polYF4MF04aPpO5FTkHran9yUQDSXqy5GiSDKpsll5jy3l3+g9QLhpf39T+ePtefhXLOGrLl0QIjkQP6VnelA==",
      "cpu": [
        "arm64"
      ],
      "dev": true,
      "license": "Apache-2.0",
      "optional": true,
      "os": [
        "netbsd"
      ],
      "engines": {
        "node": ">=16.20.0"
      }
    },
    "node_modules/@typescript/typescript-netbsd-x64": {
      "version": "7.0.2",
      "resolved": "https://registry.npmjs.org/@typescript/typescript-netbsd-x64/-/typescript-netbsd-x64-7.0.2.tgz",
      "integrity": "sha512-8YIT0EHM/3dq10ZOVF/A7pc/YSMtbcecct4rWtexrnSCHOPcpC2KTLXfTCR6vDpnSiY12heNb1GiN/wu+T/FyA==",
      "cpu": [
        "x64"
      ],
      "dev": true,
      "license": "Apache-2.0",
      "optional": true,
      "os": [
        "netbsd"
      ],
      "engines": {
        "node": ">=16.20.0"
      }
    },
    "node_modules/@typescript/typescript-openbsd-arm64": {
      "version": "7.0.2",
      "resolved": "https://registry.npmjs.org/@typescript/typescript-openbsd-arm64/-/typescript-openbsd-arm64-7.0.2.tgz",
      "integrity": "sha512-APT8+ClYnuYm1u9+kgGXoMj2VzWzcymwh2gNSQVySHfkRDGOTVkoWLjCmOQSaO+PoqQ57B0flRp9SA+7GnnkzQ==",
      "cpu": [
        "arm64"
      ],
      "dev": true,
      "license": "Apache-2.0",
      "optional": true,
      "os": [
        "openbsd"
      ],
      "engines": {
        "node": ">=16.20.0"
      }
    },
    "node_modules/@typescript/typescript-openbsd-x64": {
      "version": "7.0.2",
      "resolved": "https://registry.npmjs.org/@typescript/typescript-openbsd-x64/-/typescript-openbsd-x64-7.0.2.tgz",
      "integrity": "sha512-yX7s+Q0Dln0Dt9tEzZsAjXXR/+ytBM7AlglaqyeMPxQszJ1JhlJdZ6jLA+IzldHtflX81em7lDao1xXu+aRRkg==",
      "cpu": [
        "x64"
      ],
      "dev": true,
      "license": "Apache-2.0",
      "optional": true,
      "os": [
        "openbsd"
      ],
      "engines": {
        "node": ">=16.20.0"
      }
    },
    "node_modules/@typescript/typescript-sunos-x64": {
      "version": "7.0.2",
      "resolved": "https://registry.npmjs.org/@typescript/typescript-sunos-x64/-/typescript-sunos-x64-7.0.2.tgz",
      "integrity": "sha512-dLJDGaLZ1D4HPQn62u1n8mBDkJREwMsAkCdkwd4Ieqw+x3TUyTsqY0YiBCtE6H6OzzgGk3iuZ3vFWRS+E8/d1g==",
      "cpu": [
        "x64"
      ],
      "dev": true,
      "license": "Apache-2.0",
      "optional": true,
      "os": [
        "sunos"
      ],
      "engines": {
        "node": ">=16.20.0"
      }
    },
    "node_modules/@typescript/typescript-win32-arm64": {
      "version": "7.0.2",
      "resolved": "https://registry.npmjs.org/@typescript/typescript-win32-arm64/-/typescript-win32-arm64-7.0.2.tgz",
      "integrity": "sha512-Gyl1Vy6OsWesLzmq+EP0Fb7b4Nid5232AvcA2SFcdYreldpNtYFFofPjnt62y9hQy7VTaZp65ICJjuAQRaVcIQ==",
      "cpu": [
        "arm64"
      ],
      "dev": true,
      "license": "Apache-2.0",
      "optional": true,
      "os": [
        "win32"
      ],
      "engines": {
        "node": ">=16.20.0"
      }
    },
    "node_modules/@typescript/typescript-win32-x64": {
      "version": "7.0.2",
      "resolved": "https://registry.npmjs.org/@typescript/typescript-win32-x64/-/typescript-win32-x64-7.0.2.tgz",
      "integrity": "sha512-0BQ3HkAHHlKLSp1qRvf3SUhGpGsDuhB/jgFw75guyqbxJqEaS0Cw/VFO8i2nHglJUzQCRtMMR/IBAKE3ETMC4g==",
      "cpu": [
        "x64"
      ],
      "dev": true,
      "license": "Apache-2.0",
      "optional": true,
      "os": [
        "win32"
      ],
      "engines": {
        "node": ">=16.20.0"
      }
    },
    "node_modules/dedent": {
      "version": "1.7.2",
      "license": "MIT",
      "peerDependencies": {
        "babel-plugin-macros": "^3.1.0"
      },
      "peerDependenciesMeta": {
        "babel-plugin-macros": {
          "optional": true
        }
      }
    },
    "node_modules/typescript": {
      "version": "7.0.2",
      "resolved": "https://registry.npmjs.org/typescript/-/typescript-7.0.2.tgz",
      "integrity": "sha512-8FYau96o3NKOhbjKi/qNvG/W5jhzxkbdm5sj9AbZ/5T5sWqn3hJgLfGx27sRKZWTvyzCP8dLRBTf5tBTSRVUNA==",
      "dev": true,
      "license": "Apache-2.0",
      "bin": {
        "tsc": "bin/tsc"
      },
      "engines": {
        "node": ">=16.20.0"
      },
      "optionalDependencies": {
        "@typescript/typescript-aix-ppc64": "7.0.2",
        "@typescript/typescript-darwin-arm64": "7.0.2",
        "@typescript/typescript-darwin-x64": "7.0.2",
        "@typescript/typescript-freebsd-arm64": "7.0.2",
        "@typescript/typescript-freebsd-x64": "7.0.2",
        "@typescript/typescript-linux-arm": "7.0.2",
        "@typescript/typescript-linux-arm64": "7.0.2",
        "@typescript/typescript-linux-loong64": "7.0.2",
        "@typescript/typescript-linux-mips64el": "7.0.2",
        "@typescript/typescript-linux-ppc64": "7.0.2",
        "@typescript/typescript-linux-riscv64": "7.0.2",
        "@typescript/typescript-linux-s390x": "7.0.2",
        "@typescript/typescript-linux-x64": "7.0.2",
        "@typescript/typescript-netbsd-arm64": "7.0.2",
        "@typescript/typescript-netbsd-x64": "7.0.2",
        "@typescript/typescript-openbsd-arm64": "7.0.2",
        "@typescript/typescript-openbsd-x64": "7.0.2",
        "@typescript/typescript-sunos-x64": "7.0.2",
        "@typescript/typescript-win32-arm64": "7.0.2",
        "@typescript/typescript-win32-x64": "7.0.2"
      }
    },
    "node_modules/undici-types": {
      "version": "8.3.0",
      "resolved": "https://registry.npmjs.org/undici-types/-/undici-types-8.3.0.tgz",
      "integrity": "sha512-j375ScV60dom+YkPFIfTLcOiPxkN/buHz5GobjLhixFuANaNs3C9l4GmrWqejgXWJ7BbJcFYpTEUkS1Ge8bpZQ==",
      "dev": true,
      "license": "MIT"
    },
    "recipes/axios-to-whatwg-fetch": {
      "name": "@nodejs/axios-to-whatwg-fetch",
      "version": "1.0.0",
      "license": "MIT",
      "dependencies": {
        "@nodejs/codemod-utils": "*",
        "dedent": "^1.7.0"
      },
      "devDependencies": {
        "@codemod.com/jssg-types": "^1.6.2"
      }
    },
    "recipes/buffer-atob-btoa": {
      "name": "@nodejs/buffer-atob-btoa",
      "version": "1.0.1",
      "license": "MIT",
      "dependencies": {
        "@nodejs/codemod-utils": "*"
      },
      "devDependencies": {
        "@codemod.com/jssg-types": "^1.6.2"
      }
    },
    "recipes/chalk-to-util-styletext": {
      "name": "@nodejs/chalk-to-util-styletext",
      "version": "1.0.2",
      "license": "MIT",
      "dependencies": {
        "@nodejs/codemod-utils": "*"
      },
      "devDependencies": {
        "@codemod.com/jssg-types": "^1.6.2"
      }
    },
    "recipes/create-require-from-path": {
      "name": "@nodejs/create-require-from-path",
      "version": "1.1.2",
      "license": "MIT",
      "dependencies": {
        "@nodejs/codemod-utils": "*"
      },
      "devDependencies": {
        "@codemod.com/jssg-types": "^1.6.2"
      }
    },
    "recipes/createCredentials-to-createSecureContext": {
      "name": "@nodejs/createcredentials-to-createsecurecontext",
      "version": "1.0.1",
      "license": "MIT",
      "dependencies": {
        "@nodejs/codemod-utils": "*"
      },
      "devDependencies": {
        "@codemod.com/jssg-types": "^1.6.2"
      }
    },
    "recipes/crypto-createcipheriv-migration": {
      "name": "@nodejs/crypto-createcipheriv-migration",
      "version": "1.0.0",
      "license": "MIT",
      "dependencies": {
        "@nodejs/codemod-utils": "*",
        "dedent": "^1.7.1"
      },
      "devDependencies": {
        "@codemod.com/jssg-types": "^1.6.2"
      }
    },
    "recipes/crypto-fips-to-getFips": {
      "name": "@nodejs/crypto-fips-to-getFips",
      "version": "1.0.2",
      "license": "MIT",
      "dependencies": {
        "@nodejs/codemod-utils": "*"
      },
      "devDependencies": {
        "@codemod.com/jssg-types": "^1.6.2"
      }
    },
    "recipes/crypto-rsa-pss-update": {
      "name": "@nodejs/crypto-rsa-pss-update",
      "version": "1.0.2",
      "license": "MIT",
      "dependencies": {
        "@nodejs/codemod-utils": "*"
      },
      "devDependencies": {
        "@codemod.com/jssg-types": "^1.6.2"
      }
    },
    "recipes/dirent-path-to-parent-path": {
      "name": "@nodejs/dirent-path-to-parent-path",
      "version": "1.0.1",
      "license": "MIT",
      "dependencies": {
        "@nodejs/codemod-utils": "*"
      },
      "devDependencies": {
        "@codemod.com/jssg-types": "^1.6.2"
      }
    },
    "recipes/err-invalid-callback": {
      "name": "@nodejs/err-invalid-callback",
      "version": "1.0.0",
      "license": "MIT",
      "dependencies": {
        "@nodejs/codemod-utils": "*"
      },
      "devDependencies": {
        "@codemod.com/jssg-types": "^1.6.2"
      }
    },
    "recipes/fs-access-mode-constants": {
      "name": "@nodejs/fs-access-mode-constants",
      "version": "1.0.3",
      "license": "MIT",
      "dependencies": {
        "@nodejs/codemod-utils": "*"
      },
      "devDependencies": {
        "@ast-grep/napi": "^0.44.1",
        "@codemod.com/jssg-types": "^1.6.2"
      }
    },
    "recipes/fs-truncate-fd-deprecation": {
      "name": "@nodejs/fs-truncate-fd-deprecation",
      "version": "1.0.2",
      "license": "MIT",
      "dependencies": {
        "@nodejs/codemod-utils": "*"
      },
      "devDependencies": {
        "@codemod.com/jssg-types": "^1.6.2"
      }
    },
    "recipes/http-classes-with-new": {
      "name": "@nodejs/http-classes-with-new",
      "version": "1.0.2",
      "license": "MIT",
      "dependencies": {
        "@nodejs/codemod-utils": "*"
      },
      "devDependencies": {
        "@codemod.com/jssg-types": "^1.6.2"
      }
    },
    "recipes/http-outgoingmessage-headers": {
      "name": "@nodejs/http-outgoingmessage-headers",
      "version": "1.0.0",
      "license": "MIT",
      "dependencies": {
        "@nodejs/codemod-utils": "*"
      },
      "devDependencies": {
        "@codemod.com/jssg-types": "^1.6.2"
      }
    },
    "recipes/http2-priority-signaling": {
      "name": "@nodejs/http2-priority-signaling",
      "version": "1.0.0",
      "license": "MIT",
      "dependencies": {
        "@nodejs/codemod-utils": "*"
      },
      "devDependencies": {
        "@codemod.com/jssg-types": "^1.6.2"
      }
    },
    "recipes/import-assertions-to-attributes": {
      "name": "@nodejs/import-assertions-to-attributes",
      "version": "1.0.0",
      "license": "MIT",
      "devDependencies": {
        "@codemod.com/jssg-types": "^1.6.2"
      }
    },
    "recipes/mocha-to-node-test-runner": {
      "name": "@nodejs/mocha-to-node-test-runner",
      "version": "1.0.0",
      "license": "MIT",
      "dependencies": {
        "@nodejs/codemod-utils": "*"
      },
      "devDependencies": {
        "@codemod.com/jssg-types": "^1.3.1"
      }
    },
    "recipes/mock-module-exports": {
      "name": "@nodejs/mock-module-exports",
      "version": "1.0.0",
      "license": "MIT",
      "dependencies": {
        "@nodejs/codemod-utils": "*"
      },
      "devDependencies": {
        "@codemod.com/jssg-types": "^1.6.2"
      }
    },
    "recipes/node-url-to-whatwg-url": {
      "name": "@nodejs/node-url-to-whatwg-url",
      "version": "1.0.1",
      "license": "MIT",
      "devDependencies": {
        "@codemod.com/jssg-types": "^1.6.2"
      }
    },
    "recipes/process-assert-to-node-assert": {
      "name": "@nodejs/process-assert-to-node-assert",
      "version": "1.0.2",
      "license": "MIT",
      "dependencies": {
        "@nodejs/codemod-utils": "*"
      },
      "devDependencies": {
        "@codemod.com/jssg-types": "^1.6.2"
      }
    },
    "recipes/process-exit-coercion-to-integer": {
      "name": "@nodejs/process-exit-coercion-to-integer",
      "version": "1.0.0",
      "license": "MIT",
      "dependencies": {
        "@nodejs/codemod-utils": "*"
      },
      "devDependencies": {
        "@codemod.com/jssg-types": "^1.5.0"
      }
    },
    "recipes/process-main-module": {
      "name": "@nodejs/process-main-module",
      "version": "1.0.2",
      "license": "MIT",
      "dependencies": {
        "@nodejs/codemod-utils": "*"
      },
      "devDependencies": {
        "@codemod.com/jssg-types": "^1.6.2"
      }
    },
    "recipes/repl-builtin-modules": {
      "name": "@nodejs/repl-builtin-modules",
      "version": "1.0.1",
      "license": "MIT",
      "dependencies": {
        "@nodejs/codemod-utils": "*"
      },
      "devDependencies": {
        "@codemod.com/jssg-types": "^1.6.2"
      }
    },
    "recipes/repl-classes-with-new": {
      "name": "@nodejs/repl-classes-with-new",
      "version": "1.0.2",
      "license": "MIT",
      "dependencies": {
        "@nodejs/codemod-utils": "*"
      },
      "devDependencies": {
        "@codemod.com/jssg-types": "^1.6.2"
      }
    },
    "recipes/rmdir": {
      "name": "@nodejs/rmdir",
      "version": "1.1.2",
      "license": "MIT",
      "dependencies": {
        "@nodejs/codemod-utils": "*"
      },
      "devDependencies": {
        "@codemod.com/jssg-types": "^1.6.2"
      }
    },
    "recipes/slow-buffer-to-buffer-alloc-unsafe-slow": {
      "name": "@nodejs/slow-buffer-to-buffer-alloc-unsafe-slow",
      "version": "1.0.2",
      "license": "MIT",
      "dependencies": {
        "@nodejs/codemod-utils": "*"
      },
      "devDependencies": {
        "@codemod.com/jssg-types": "^1.6.2"
      }
    },
    "recipes/timers-deprecations": {
      "name": "@nodejs/timers-deprecations",
      "version": "1.0.0",
      "license": "MIT",
      "dependencies": {
        "@nodejs/codemod-utils": "*"
      },
      "devDependencies": {
        "@codemod.com/jssg-types": "^1.6.2"
      }
    },
    "recipes/tls-create-secure-pair-to-tls-socket": {
      "name": "@nodejs/tls-create-secure-pair-to-tls-socket",
      "version": "1.0.1",
      "license": "MIT",
      "dependencies": {
        "@nodejs/codemod-utils": "*"
      },
      "devDependencies": {
        "@codemod.com/jssg-types": "^1.6.2"
      }
    },
    "recipes/tmpdir-to-tmpdir": {
      "name": "@nodejs/tmpdir-to-tmpdir",
      "version": "1.0.2",
      "license": "MIT",
      "dependencies": {
        "@nodejs/codemod-utils": "*"
      },
      "devDependencies": {
        "@codemod.com/jssg-types": "^1.6.2"
      }
    },
    "recipes/types-is-native-error": {
      "name": "@nodejs/types-is-native-error",
      "version": "1.0.1",
      "dependencies": {
        "@nodejs/codemod-utils": "*"
      },
      "devDependencies": {
        "@codemod.com/jssg-types": "^1.6.2"
      }
    },
    "recipes/util-extend-to-object-assign": {
      "name": "@nodejs/util-extend-to-object-assign",
      "version": "1.0.1",
      "license": "MIT",
      "dependencies": {
        "@nodejs/codemod-utils": "*"
      },
      "devDependencies": {
        "@codemod.com/jssg-types": "^1.6.2"
      }
    },
    "recipes/util-is": {
      "name": "@nodejs/util-is",
      "version": "1.0.2",
      "license": "MIT",
      "dependencies": {
        "@nodejs/codemod-utils": "0.0.0"
      },
      "devDependencies": {
        "@codemod.com/jssg-types": "^1.6.2"
      }
    },
    "recipes/util-log-to-console-log": {
      "name": "@nodejs/util-log-to-console-log",
      "version": "1.0.2",
      "license": "MIT",
      "dependencies": {
        "@nodejs/codemod-utils": "*"
      },
      "devDependencies": {
        "@codemod.com/jssg-types": "^1.6.2"
      }
    },
    "recipes/util-print-to-console-log": {
      "name": "@nodejs/util-print-to-console-log",
      "version": "1.0.2",
      "license": "MIT",
      "dependencies": {
        "@nodejs/codemod-utils": "*"
      },
      "devDependencies": {
        "@codemod.com/jssg-types": "^1.6.2"
      }
    },
    "recipes/zlib-bytesread-to-byteswritten": {
      "name": "@nodejs/zlib-bytesread-to-byteswritten",
      "version": "1.0.1",
      "license": "MIT",
      "dependencies": {
        "@nodejs/codemod-utils": "*"
      },
      "devDependencies": {
        "@codemod.com/jssg-types": "^1.6.2"
      }
    },
    "utils": {
      "name": "@nodejs/codemod-utils",
      "version": "0.0.0",
      "license": "MIT",
      "devDependencies": {
        "@ast-grep/lang-bash": "^0.0.8",
        "@ast-grep/lang-json": "^0.0.7",
        "@ast-grep/napi": "^0.44.1",
        "@codemod.com/jssg-types": "^1.6.2",
        "dedent": "^1.7.2"
      }
    }
  }
}
